// !$*UTF8*$!
{
	archiveVersion = 1;
	classes = {
	};
	objectVersion = 46;
	objects = {

/* Begin PBXBuildFile section */
		51919FFD2A6DA8FA75DFF9ED /* Pods_Spanish_Verbs_QuizUITests.framework in Frameworks */ = {isa = PBXBuildFile; fileRef = 8FA61A9C319B8175CA3CC789 /* Pods_Spanish_Verbs_QuizUITests.framework */; };
		87E6D6393BA479A109DCB1ED /* Pods_Spanish_Verbs_QuizTests.framework in Frameworks */ = {isa = PBXBuildFile; fileRef = 387F96E9D6975C9E0C9E555D /* Pods_Spanish_Verbs_QuizTests.framework */; };
		8E0F1C4622249192000EFE52 /* FontsAndConstraintsOptions.swift in Sources */ = {isa = PBXBuildFile; fileRef = 8E0F1C4522249192000EFE52 /* FontsAndConstraintsOptions.swift */; };
		8E0F1C4822249209000EFE52 /* ScreenDimension.swift in Sources */ = {isa = PBXBuildFile; fileRef = 8E0F1C4722249209000EFE52 /* ScreenDimension.swift */; };
		8E0F1C4A22249B83000EFE52 /* ModeAndTempStruct.swift in Sources */ = {isa = PBXBuildFile; fileRef = 8E0F1C4922249B83000EFE52 /* ModeAndTempStruct.swift */; };
		8E0F1C4C22249D93000EFE52 /* Verb.swift in Sources */ = {isa = PBXBuildFile; fileRef = 8E0F1C4B22249D93000EFE52 /* Verb.swift */; };
		8E0F1C4E22249DA1000EFE52 /* ChosenVerb.swift in Sources */ = {isa = PBXBuildFile; fileRef = 8E0F1C4D22249DA1000EFE52 /* ChosenVerb.swift */; };
		8E0F1C5022249EF2000EFE52 /* ExtensionCapitalizedFirstLetter.swift in Sources */ = {isa = PBXBuildFile; fileRef = 8E0F1C4F22249EF2000EFE52 /* ExtensionCapitalizedFirstLetter.swift */; };
		8E0F1C5222249F92000EFE52 /* ChoixDu Pronom.swift in Sources */ = {isa = PBXBuildFile; fileRef = 8E0F1C5122249F92000EFE52 /* ChoixDu Pronom.swift */; };
		8E0F1C542226FB84000EFE52 /* VerbInfinitif.swift in Sources */ = {isa = PBXBuildFile; fileRef = 8E0F1C532226FB84000EFE52 /* VerbInfinitif.swift */; };
		8E0F1C56222718DD000EFE52 /* QuizQuestion.swift in Sources */ = {isa = PBXBuildFile; fileRef = 8E0F1C55222718DD000EFE52 /* QuizQuestion.swift */; };
		8E0F1C58222718F6000EFE52 /* DifficultyLevel.swift in Sources */ = {isa = PBXBuildFile; fileRef = 8E0F1C57222718F6000EFE52 /* DifficultyLevel.swift */; };
		8E0F1C5A2227195F000EFE52 /* SelectVerbsForQuiz.swift in Sources */ = {isa = PBXBuildFile; fileRef = 8E0F1C592227195F000EFE52 /* SelectVerbsForQuiz.swift */; };
		8E0F1C5C22271A6E000EFE52 /* TextFieldProperties.swift in Sources */ = {isa = PBXBuildFile; fileRef = 8E0F1C5B22271A6E000EFE52 /* TextFieldProperties.swift */; };
		8E0F1C5E22271B31000EFE52 /* ChoixFacileVerbeConjugue.swift in Sources */ = {isa = PBXBuildFile; fileRef = 8E0F1C5D22271B31000EFE52 /* ChoixFacileVerbeConjugue.swift */; };
		8E0F1C6022271B7A000EFE52 /* UnwindSegueChoice.swift in Sources */ = {isa = PBXBuildFile; fileRef = 8E0F1C5F22271B7A000EFE52 /* UnwindSegueChoice.swift */; };
		8E0F1C6222271D34000EFE52 /* ResponseEvaluation.swift in Sources */ = {isa = PBXBuildFile; fileRef = 8E0F1C6122271D34000EFE52 /* ResponseEvaluation.swift */; };
		8E0F1C6422271D41000EFE52 /* SoundResponse.swift in Sources */ = {isa = PBXBuildFile; fileRef = 8E0F1C6322271D41000EFE52 /* SoundResponse.swift */; };
		8E0F1C6622271EEB000EFE52 /* Auxiliere.swift in Sources */ = {isa = PBXBuildFile; fileRef = 8E0F1C6522271EEB000EFE52 /* Auxiliere.swift */; };
		8E0F1C682227216F000EFE52 /* PieChartSetUp.swift in Sources */ = {isa = PBXBuildFile; fileRef = 8E0F1C672227216F000EFE52 /* PieChartSetUp.swift */; };
		8E0F1C6C2229899C000EFE52 /* VerbesEspagnolsContextuels.plist in Resources */ = {isa = PBXBuildFile; fileRef = 8E0F1C6B2229899C000EFE52 /* VerbesEspagnolsContextuels.plist */; };
		8E1DB8EC1EC0A85C0063EB1F /* DataStructure.swift in Sources */ = {isa = PBXBuildFile; fileRef = 8E1DB8EB1EC0A85C0063EB1F /* DataStructure.swift */; };
		8E1DB8EE1EC0A8650063EB1F /* initialViewController.swift in Sources */ = {isa = PBXBuildFile; fileRef = 8E1DB8ED1EC0A8650063EB1F /* initialViewController.swift */; };
		8E1DB8F01EC0A8700063EB1F /* OptionsViewController.swift in Sources */ = {isa = PBXBuildFile; fileRef = 8E1DB8EF1EC0A8700063EB1F /* OptionsViewController.swift */; };
		8E1DB8F21EC0A87E0063EB1F /* VerbListViewController.swift in Sources */ = {isa = PBXBuildFile; fileRef = 8E1DB8F11EC0A87E0063EB1F /* VerbListViewController.swift */; };
		8E1DB8F41EC0A8840063EB1F /* tempsDeVerbeTableViewController.swift in Sources */ = {isa = PBXBuildFile; fileRef = 8E1DB8F31EC0A8840063EB1F /* tempsDeVerbeTableViewController.swift */; };
		8E1DB8F61EC0A88A0063EB1F /* FinalVerbeViewController.swift in Sources */ = {isa = PBXBuildFile; fileRef = 8E1DB8F51EC0A88A0063EB1F /* FinalVerbeViewController.swift */; };
		8E1DB8F81EC0A8900063EB1F /* QuizOptionsController.swift in Sources */ = {isa = PBXBuildFile; fileRef = 8E1DB8F71EC0A8900063EB1F /* QuizOptionsController.swift */; };
		8E1DB8FA1EC0A8970063EB1F /* QuizController.swift in Sources */ = {isa = PBXBuildFile; fileRef = 8E1DB8F91EC0A8970063EB1F /* QuizController.swift */; };
		8E1DB8FC1EC0A89E0063EB1F /* ResultViewController.swift in Sources */ = {isa = PBXBuildFile; fileRef = 8E1DB8FB1EC0A89E0063EB1F /* ResultViewController.swift */; };
		8E2A19EC1EC10B20002396E6 /* Incoming Text 01.wav in Resources */ = {isa = PBXBuildFile; fileRef = 8E2A19EB1EC10B20002396E6 /* Incoming Text 01.wav */; };
		8E2A19EE1EC10B29002396E6 /* Error Warning.wav in Resources */ = {isa = PBXBuildFile; fileRef = 8E2A19ED1EC10B29002396E6 /* Error Warning.wav */; };
		8E2ECE3B2C062CA8000F37C9 /* SpeechManager.swift in Sources */ = {isa = PBXBuildFile; fileRef = 8E2ECE3A2C062CA8000F37C9 /* SpeechManager.swift */; };
		8E2ECE3D2C062CAF000F37C9 /* SpeechLabel.swift in Sources */ = {isa = PBXBuildFile; fileRef = 8E2ECE3C2C062CAF000F37C9 /* SpeechLabel.swift */; };
		8E2ECE3F2C066B22000F37C9 /* ProcessAndSpeakText.swift in Sources */ = {isa = PBXBuildFile; fileRef = 8E2ECE3E2C066B22000F37C9 /* ProcessAndSpeakText.swift */; };
		8E4569C61EC107140067E575 /* VerbesEspagnols.xcdatamodeld in Sources */ = {isa = PBXBuildFile; fileRef = 8E4569C41EC107140067E575 /* VerbesEspagnols.xcdatamodeld */; };
		8E4569C91EC107C30067E575 /* ItemVerbe+CoreDataClass.swift in Sources */ = {isa = PBXBuildFile; fileRef = 8E4569C71EC107C30067E575 /* ItemVerbe+CoreDataClass.swift */; };
		8E4569CA1EC107C30067E575 /* ItemVerbe+CoreDataProperties.swift in Sources */ = {isa = PBXBuildFile; fileRef = 8E4569C81EC107C30067E575 /* ItemVerbe+CoreDataProperties.swift */; };
		8E5413C32919B21800ED56AF /* SpanishItalian.plist in Resources */ = {isa = PBXBuildFile; fileRef = 8E5413C22919B21800ED56AF /* SpanishItalian.plist */; };
		8E5413C52919B21C00ED56AF /* SpanishFrench.plist in Resources */ = {isa = PBXBuildFile; fileRef = 8E5413C42919B21C00ED56AF /* SpanishFrench.plist */; };
		8E55D4B0222F239D003C29B0 /* ContextuelQuizOptionController.swift in Sources */ = {isa = PBXBuildFile; fileRef = 8E55D4AF222F239D003C29B0 /* ContextuelQuizOptionController.swift */; };
		8E55D4B2222F23A8003C29B0 /* ContextuelQuizViewController.swift in Sources */ = {isa = PBXBuildFile; fileRef = 8E55D4B1222F23A8003C29B0 /* ContextuelQuizViewController.swift */; };
		8E55D4B4222F23B2003C29B0 /* ChoixDeTempsViewController.swift in Sources */ = {isa = PBXBuildFile; fileRef = 8E55D4B3222F23B2003C29B0 /* ChoixDeTempsViewController.swift */; };
		8E55D4B6222F265D003C29B0 /* Sentence.swift in Sources */ = {isa = PBXBuildFile; fileRef = 8E55D4B5222F265D003C29B0 /* Sentence.swift */; };
		8E7D26331FBA147D003798E5 /* LogoViewController.swift in Sources */ = {isa = PBXBuildFile; fileRef = 8E7D26321FBA147D003798E5 /* LogoViewController.swift */; };
		8E7D26351FBA1600003798E5 /* Acoustic Trio.wav in Resources */ = {isa = PBXBuildFile; fileRef = 8E7D26341FBA1600003798E5 /* Acoustic Trio.wav */; };
		8E7D26371FBA1C8D003798E5 /* SpecificVerbViewController.swift in Sources */ = {isa = PBXBuildFile; fileRef = 8E7D26361FBA1C8D003798E5 /* SpecificVerbViewController.swift */; };
		8E7D263D1FBA21EC003798E5 /* TempsVerbesChoisisViewController.swift in Sources */ = {isa = PBXBuildFile; fileRef = 8E7D263C1FBA21EC003798E5 /* TempsVerbesChoisisViewController.swift */; };
		8E7D263F1FBA21FB003798E5 /* FrenchEnglish.swift in Sources */ = {isa = PBXBuildFile; fileRef = 8E7D263E1FBA21FB003798E5 /* FrenchEnglish.swift */; };
		8E7D26411FBA2220003798E5 /* RandomNumberGenerator.swift in Sources */ = {isa = PBXBuildFile; fileRef = 8E7D26401FBA2220003798E5 /* RandomNumberGenerator.swift */; };
		8E7FC67226B5CD3000726939 /* Main.storyboard in Resources */ = {isa = PBXBuildFile; fileRef = 8E7FC67426B5CD3000726939 /* Main.storyboard */; };
		8E7FC67D26B5CDD800726939 /* Localizable.strings in Resources */ = {isa = PBXBuildFile; fileRef = 8E7FC67F26B5CDD800726939 /* Localizable.strings */; };
		8E7FC6D026B71C9C00726939 /* etc_error_drum.mp3 in Resources */ = {isa = PBXBuildFile; fileRef = 8E7FC6CF26B71C9C00726939 /* etc_error_drum.mp3 */; };
		8E7FC6D526B71D4D00726939 /* chime_clickbell_octave_up.mp3 in Resources */ = {isa = PBXBuildFile; fileRef = 8E7FC6D426B71D4D00726939 /* chime_clickbell_octave_up.mp3 */; };
		8E8865902231D49200403795 /* StatistiqueTableViewController.swift in Sources */ = {isa = PBXBuildFile; fileRef = 8E88658F2231D49100403795 /* StatistiqueTableViewController.swift */; };
		8E8865922231D4A100403795 /* StatistiqueViewCell.swift in Sources */ = {isa = PBXBuildFile; fileRef = 8E8865912231D4A000403795 /* StatistiqueViewCell.swift */; };
		8E8865942231D4B300403795 /* FetchRequest.swift in Sources */ = {isa = PBXBuildFile; fileRef = 8E8865932231D4B100403795 /* FetchRequest.swift */; };
		8E88659A2232FE3F00403795 /* SpanishVerbs.plist in Resources */ = {isa = PBXBuildFile; fileRef = 8E8865992232FE3B00403795 /* SpanishVerbs.plist */; };
		8E88659E22380AA000403795 /* OtraFormaVerbSelector.swift in Sources */ = {isa = PBXBuildFile; fileRef = 8E88659D22380AA000403795 /* OtraFormaVerbSelector.swift */; };
		8E96570F1FC366CD001AFED0 /* GoogleService-Info.plist in Resources */ = {isa = PBXBuildFile; fileRef = 8E96570E1FC366CD001AFED0 /* GoogleService-Info.plist */; };
		8E9657111FC366E8001AFED0 /* GoogleService-Info.plist in Resources */ = {isa = PBXBuildFile; fileRef = 8E9657101FC366E8001AFED0 /* GoogleService-Info.plist */; };
		8E9657131FC366F3001AFED0 /* GoogleService-Info.plist in Resources */ = {isa = PBXBuildFile; fileRef = 8E9657121FC366F3001AFED0 /* GoogleService-Info.plist */; };
		8E9F9BDF26B0781000579F2F /* FirstStatTableViewCell.swift in Sources */ = {isa = PBXBuildFile; fileRef = 8E9F9BDE26B0781000579F2F /* FirstStatTableViewCell.swift */; };
		8E9F9BE426B0783B00579F2F /* FetchRequestForVerb.swift in Sources */ = {isa = PBXBuildFile; fileRef = 8E9F9BE326B0783B00579F2F /* FetchRequestForVerb.swift */; };
		8E9F9BE926B0784500579F2F /* FetchResultFoeOneTemp.swift in Sources */ = {isa = PBXBuildFile; fileRef = 8E9F9BE826B0784500579F2F /* FetchResultFoeOneTemp.swift */; };
		8E9F9BF226B07AD100579F2F /* DetailStatTableViewController.swift in Sources */ = {isa = PBXBuildFile; fileRef = 8E9F9BF126B07AD100579F2F /* DetailStatTableViewController.swift */; };
		8E9F9BF726B07BD900579F2F /* extensionLocalisation.swift in Sources */ = {isa = PBXBuildFile; fileRef = 8E9F9BF626B07BD900579F2F /* extensionLocalisation.swift */; };
		8E9F9BFC26B07ED100579F2F /* SoundPlayer.swift in Sources */ = {isa = PBXBuildFile; fileRef = 8E9F9BFB26B07ED100579F2F /* SoundPlayer.swift */; };
		8E9F9C0126B07F4B00579F2F /* SoundOption.swift in Sources */ = {isa = PBXBuildFile; fileRef = 8E9F9C0026B07F4B00579F2F /* SoundOption.swift */; };
		8EC4ABCB1D17358D007359FF /* AppDelegate.swift in Sources */ = {isa = PBXBuildFile; fileRef = 8EC4ABCA1D17358D007359FF /* AppDelegate.swift */; };
		8EC4ABD21D17358D007359FF /* Assets.xcassets in Resources */ = {isa = PBXBuildFile; fileRef = 8EC4ABD11D17358D007359FF /* Assets.xcassets */; };
		8EC4ABD51D17358D007359FF /* LaunchScreen.storyboard in Resources */ = {isa = PBXBuildFile; fileRef = 8EC4ABD31D17358D007359FF /* LaunchScreen.storyboard */; };
		8EC4ABE01D17358E007359FF /* Spanish_Verbs_QuizTests.swift in Sources */ = {isa = PBXBuildFile; fileRef = 8EC4ABDF1D17358E007359FF /* Spanish_Verbs_QuizTests.swift */; };
		8EC4ABEB1D17358E007359FF /* Spanish_Verbs_QuizUITests.swift in Sources */ = {isa = PBXBuildFile; fileRef = 8EC4ABEA1D17358E007359FF /* Spanish_Verbs_QuizUITests.swift */; };
		8ED90E4F223D8BC8008C5063 /* OtraFormaEvaluation.swift in Sources */ = {isa = PBXBuildFile; fileRef = 8ED90E4E223D8BC8008C5063 /* OtraFormaEvaluation.swift */; };
		8ED90E51223EAEBC008C5063 /* DictAvoirEtre.plist in Resources */ = {isa = PBXBuildFile; fileRef = 8ED90E50223EAEBC008C5063 /* DictAvoirEtre.plist */; };
		8ED90E9A2240121F008C5063 /* FrenchToEnglish.plist in Resources */ = {isa = PBXBuildFile; fileRef = 8ED90E992240121E008C5063 /* FrenchToEnglish.plist */; };
		C7180B771B620059F66A9374 /* Pods_Spanish_Verbs_Quiz.framework in Frameworks */ = {isa = PBXBuildFile; fileRef = 157C97C44D866A8173C0B383 /* Pods_Spanish_Verbs_Quiz.framework */; };
/* End PBXBuildFile section */

/* Begin PBXContainerItemProxy section */
		8EC4ABDC1D17358E007359FF /* PBXContainerItemProxy */ = {
			isa = PBXContainerItemProxy;
			containerPortal = 8EC4ABBF1D17358D007359FF /* Project object */;
			proxyType = 1;
			remoteGlobalIDString = 8EC4ABC61D17358D007359FF;
			remoteInfo = "Spanish Verbs Quiz";
		};
		8EC4ABE71D17358E007359FF /* PBXContainerItemProxy */ = {
			isa = PBXContainerItemProxy;
			containerPortal = 8EC4ABBF1D17358D007359FF /* Project object */;
			proxyType = 1;
			remoteGlobalIDString = 8EC4ABC61D17358D007359FF;
			remoteInfo = "Spanish Verbs Quiz";
		};
/* End PBXContainerItemProxy section */

/* Begin PBXFileReference section */
		00FE85581CF04903EF5278E6 /* Pods-Spanish Verbs QuizTests.release.xcconfig */ = {isa = PBXFileReference; includeInIndex = 1; lastKnownFileType = text.xcconfig; name = "Pods-Spanish Verbs QuizTests.release.xcconfig"; path = "Pods/Target Support Files/Pods-Spanish Verbs QuizTests/Pods-Spanish Verbs QuizTests.release.xcconfig"; sourceTree = "<group>"; };
		12752ABFC045D9F0D7744342 /* Pods-Spanish Verbs QuizTests.debug.xcconfig */ = {isa = PBXFileReference; includeInIndex = 1; lastKnownFileType = text.xcconfig; name = "Pods-Spanish Verbs QuizTests.debug.xcconfig"; path = "Pods/Target Support Files/Pods-Spanish Verbs QuizTests/Pods-Spanish Verbs QuizTests.debug.xcconfig"; sourceTree = "<group>"; };
		157C97C44D866A8173C0B383 /* Pods_Spanish_Verbs_Quiz.framework */ = {isa = PBXFileReference; explicitFileType = wrapper.framework; includeInIndex = 0; path = Pods_Spanish_Verbs_Quiz.framework; sourceTree = BUILT_PRODUCTS_DIR; };
		1F628163FED2F8CC74993275 /* Pods-Spanish Verbs QuizUITests.release.xcconfig */ = {isa = PBXFileReference; includeInIndex = 1; lastKnownFileType = text.xcconfig; name = "Pods-Spanish Verbs QuizUITests.release.xcconfig"; path = "Pods/Target Support Files/Pods-Spanish Verbs QuizUITests/Pods-Spanish Verbs QuizUITests.release.xcconfig"; sourceTree = "<group>"; };
		34969759B082D6F4E87162F9 /* Pods-Spanish Verbs QuizUITests.debug.xcconfig */ = {isa = PBXFileReference; includeInIndex = 1; lastKnownFileType = text.xcconfig; name = "Pods-Spanish Verbs QuizUITests.debug.xcconfig"; path = "Pods/Target Support Files/Pods-Spanish Verbs QuizUITests/Pods-Spanish Verbs QuizUITests.debug.xcconfig"; sourceTree = "<group>"; };
		387F96E9D6975C9E0C9E555D /* Pods_Spanish_Verbs_QuizTests.framework */ = {isa = PBXFileReference; explicitFileType = wrapper.framework; includeInIndex = 0; path = Pods_Spanish_Verbs_QuizTests.framework; sourceTree = BUILT_PRODUCTS_DIR; };
		3A5780531A0EF47B852436EE /* Pods-Spanish Verbs Quiz.release.xcconfig */ = {isa = PBXFileReference; includeInIndex = 1; lastKnownFileType = text.xcconfig; name = "Pods-Spanish Verbs Quiz.release.xcconfig"; path = "Pods/Target Support Files/Pods-Spanish Verbs Quiz/Pods-Spanish Verbs Quiz.release.xcconfig"; sourceTree = "<group>"; };
		8E0F1C4522249192000EFE52 /* FontsAndConstraintsOptions.swift */ = {isa = PBXFileReference; fileEncoding = 4; lastKnownFileType = sourcecode.swift; path = FontsAndConstraintsOptions.swift; sourceTree = "<group>"; };
		8E0F1C4722249209000EFE52 /* ScreenDimension.swift */ = {isa = PBXFileReference; fileEncoding = 4; lastKnownFileType = sourcecode.swift; path = ScreenDimension.swift; sourceTree = "<group>"; };
		8E0F1C4922249B83000EFE52 /* ModeAndTempStruct.swift */ = {isa = PBXFileReference; fileEncoding = 4; lastKnownFileType = sourcecode.swift; path = ModeAndTempStruct.swift; sourceTree = "<group>"; };
		8E0F1C4B22249D93000EFE52 /* Verb.swift */ = {isa = PBXFileReference; fileEncoding = 4; lastKnownFileType = sourcecode.swift; path = Verb.swift; sourceTree = "<group>"; };
		8E0F1C4D22249DA1000EFE52 /* ChosenVerb.swift */ = {isa = PBXFileReference; fileEncoding = 4; lastKnownFileType = sourcecode.swift; path = ChosenVerb.swift; sourceTree = "<group>"; };
		8E0F1C4F22249EF2000EFE52 /* ExtensionCapitalizedFirstLetter.swift */ = {isa = PBXFileReference; lastKnownFileType = sourcecode.swift; path = ExtensionCapitalizedFirstLetter.swift; sourceTree = "<group>"; };
		8E0F1C5122249F92000EFE52 /* ChoixDu Pronom.swift */ = {isa = PBXFileReference; lastKnownFileType = sourcecode.swift; path = "ChoixDu Pronom.swift"; sourceTree = "<group>"; };
		8E0F1C532226FB84000EFE52 /* VerbInfinitif.swift */ = {isa = PBXFileReference; fileEncoding = 4; lastKnownFileType = sourcecode.swift; path = VerbInfinitif.swift; sourceTree = "<group>"; };
		8E0F1C55222718DD000EFE52 /* QuizQuestion.swift */ = {isa = PBXFileReference; fileEncoding = 4; lastKnownFileType = sourcecode.swift; path = QuizQuestion.swift; sourceTree = "<group>"; };
		8E0F1C57222718F6000EFE52 /* DifficultyLevel.swift */ = {isa = PBXFileReference; fileEncoding = 4; lastKnownFileType = sourcecode.swift; path = DifficultyLevel.swift; sourceTree = "<group>"; };
		8E0F1C592227195F000EFE52 /* SelectVerbsForQuiz.swift */ = {isa = PBXFileReference; fileEncoding = 4; lastKnownFileType = sourcecode.swift; path = SelectVerbsForQuiz.swift; sourceTree = "<group>"; };
		8E0F1C5B22271A6E000EFE52 /* TextFieldProperties.swift */ = {isa = PBXFileReference; fileEncoding = 4; lastKnownFileType = sourcecode.swift; path = TextFieldProperties.swift; sourceTree = "<group>"; };
		8E0F1C5D22271B31000EFE52 /* ChoixFacileVerbeConjugue.swift */ = {isa = PBXFileReference; fileEncoding = 4; lastKnownFileType = sourcecode.swift; path = ChoixFacileVerbeConjugue.swift; sourceTree = "<group>"; };
		8E0F1C5F22271B7A000EFE52 /* UnwindSegueChoice.swift */ = {isa = PBXFileReference; fileEncoding = 4; lastKnownFileType = sourcecode.swift; path = UnwindSegueChoice.swift; sourceTree = "<group>"; };
		8E0F1C6122271D34000EFE52 /* ResponseEvaluation.swift */ = {isa = PBXFileReference; fileEncoding = 4; lastKnownFileType = sourcecode.swift; path = ResponseEvaluation.swift; sourceTree = "<group>"; };
		8E0F1C6322271D41000EFE52 /* SoundResponse.swift */ = {isa = PBXFileReference; fileEncoding = 4; lastKnownFileType = sourcecode.swift; path = SoundResponse.swift; sourceTree = "<group>"; };
		8E0F1C6522271EEB000EFE52 /* Auxiliere.swift */ = {isa = PBXFileReference; fileEncoding = 4; lastKnownFileType = sourcecode.swift; path = Auxiliere.swift; sourceTree = "<group>"; };
		8E0F1C672227216F000EFE52 /* PieChartSetUp.swift */ = {isa = PBXFileReference; fileEncoding = 4; lastKnownFileType = sourcecode.swift; path = PieChartSetUp.swift; sourceTree = "<group>"; };
		8E0F1C6B2229899C000EFE52 /* VerbesEspagnolsContextuels.plist */ = {isa = PBXFileReference; fileEncoding = 4; lastKnownFileType = text.plist.xml; path = VerbesEspagnolsContextuels.plist; sourceTree = "<group>"; };
		8E1DB8EB1EC0A85C0063EB1F /* DataStructure.swift */ = {isa = PBXFileReference; fileEncoding = 4; lastKnownFileType = sourcecode.swift; path = DataStructure.swift; sourceTree = "<group>"; };
		8E1DB8ED1EC0A8650063EB1F /* initialViewController.swift */ = {isa = PBXFileReference; fileEncoding = 4; lastKnownFileType = sourcecode.swift; path = initialViewController.swift; sourceTree = "<group>"; };
		8E1DB8EF1EC0A8700063EB1F /* OptionsViewController.swift */ = {isa = PBXFileReference; fileEncoding = 4; lastKnownFileType = sourcecode.swift; path = OptionsViewController.swift; sourceTree = "<group>"; };
		8E1DB8F11EC0A87E0063EB1F /* VerbListViewController.swift */ = {isa = PBXFileReference; fileEncoding = 4; lastKnownFileType = sourcecode.swift; path = VerbListViewController.swift; sourceTree = "<group>"; };
		8E1DB8F31EC0A8840063EB1F /* tempsDeVerbeTableViewController.swift */ = {isa = PBXFileReference; fileEncoding = 4; lastKnownFileType = sourcecode.swift; path = tempsDeVerbeTableViewController.swift; sourceTree = "<group>"; };
		8E1DB8F51EC0A88A0063EB1F /* FinalVerbeViewController.swift */ = {isa = PBXFileReference; fileEncoding = 4; lastKnownFileType = sourcecode.swift; path = FinalVerbeViewController.swift; sourceTree = "<group>"; };
		8E1DB8F71EC0A8900063EB1F /* QuizOptionsController.swift */ = {isa = PBXFileReference; fileEncoding = 4; lastKnownFileType = sourcecode.swift; path = QuizOptionsController.swift; sourceTree = "<group>"; };
		8E1DB8F91EC0A8970063EB1F /* QuizController.swift */ = {isa = PBXFileReference; fileEncoding = 4; lastKnownFileType = sourcecode.swift; path = QuizController.swift; sourceTree = "<group>"; };
		8E1DB8FB1EC0A89E0063EB1F /* ResultViewController.swift */ = {isa = PBXFileReference; fileEncoding = 4; lastKnownFileType = sourcecode.swift; path = ResultViewController.swift; sourceTree = "<group>"; };
		8E2A19EB1EC10B20002396E6 /* Incoming Text 01.wav */ = {isa = PBXFileReference; lastKnownFileType = audio.wav; path = "Incoming Text 01.wav"; sourceTree = "<group>"; };
		8E2A19ED1EC10B29002396E6 /* Error Warning.wav */ = {isa = PBXFileReference; lastKnownFileType = audio.wav; path = "Error Warning.wav"; sourceTree = "<group>"; };
		8E2ECE3A2C062CA8000F37C9 /* SpeechManager.swift */ = {isa = PBXFileReference; fileEncoding = 4; lastKnownFileType = sourcecode.swift; path = SpeechManager.swift; sourceTree = "<group>"; };
		8E2ECE3C2C062CAF000F37C9 /* SpeechLabel.swift */ = {isa = PBXFileReference; fileEncoding = 4; lastKnownFileType = sourcecode.swift; path = SpeechLabel.swift; sourceTree = "<group>"; };
		8E2ECE3E2C066B22000F37C9 /* ProcessAndSpeakText.swift */ = {isa = PBXFileReference; lastKnownFileType = sourcecode.swift; path = ProcessAndSpeakText.swift; sourceTree = "<group>"; };
		8E2ECE402C08FAF5000F37C9 /* PrivacyInfo.xcprivacy */ = {isa = PBXFileReference; lastKnownFileType = text.xml; path = PrivacyInfo.xcprivacy; sourceTree = "<group>"; };
		8E4569C51EC107140067E575 /* VerbesEspagnols.xcdatamodel */ = {isa = PBXFileReference; lastKnownFileType = wrapper.xcdatamodel; path = VerbesEspagnols.xcdatamodel; sourceTree = "<group>"; };
		8E4569C71EC107C30067E575 /* ItemVerbe+CoreDataClass.swift */ = {isa = PBXFileReference; fileEncoding = 4; lastKnownFileType = sourcecode.swift; name = "ItemVerbe+CoreDataClass.swift"; path = "../ItemVerbe+CoreDataClass.swift"; sourceTree = "<group>"; };
		8E4569C81EC107C30067E575 /* ItemVerbe+CoreDataProperties.swift */ = {isa = PBXFileReference; fileEncoding = 4; lastKnownFileType = sourcecode.swift; name = "ItemVerbe+CoreDataProperties.swift"; path = "../ItemVerbe+CoreDataProperties.swift"; sourceTree = "<group>"; };
		8E5413C22919B21800ED56AF /* SpanishItalian.plist */ = {isa = PBXFileReference; fileEncoding = 4; lastKnownFileType = text.plist.xml; path = SpanishItalian.plist; sourceTree = "<group>"; };
		8E5413C42919B21C00ED56AF /* SpanishFrench.plist */ = {isa = PBXFileReference; fileEncoding = 4; lastKnownFileType = text.plist.xml; path = SpanishFrench.plist; sourceTree = "<group>"; };
		8E55D4AF222F239D003C29B0 /* ContextuelQuizOptionController.swift */ = {isa = PBXFileReference; fileEncoding = 4; lastKnownFileType = sourcecode.swift; path = ContextuelQuizOptionController.swift; sourceTree = "<group>"; };
		8E55D4B1222F23A8003C29B0 /* ContextuelQuizViewController.swift */ = {isa = PBXFileReference; fileEncoding = 4; lastKnownFileType = sourcecode.swift; path = ContextuelQuizViewController.swift; sourceTree = "<group>"; };
		8E55D4B3222F23B2003C29B0 /* ChoixDeTempsViewController.swift */ = {isa = PBXFileReference; fileEncoding = 4; lastKnownFileType = sourcecode.swift; path = ChoixDeTempsViewController.swift; sourceTree = "<group>"; };
		8E55D4B5222F265D003C29B0 /* Sentence.swift */ = {isa = PBXFileReference; fileEncoding = 4; lastKnownFileType = sourcecode.swift; path = Sentence.swift; sourceTree = "<group>"; };
		8E7D26321FBA147D003798E5 /* LogoViewController.swift */ = {isa = PBXFileReference; lastKnownFileType = sourcecode.swift; path = LogoViewController.swift; sourceTree = "<group>"; };
		8E7D26341FBA1600003798E5 /* Acoustic Trio.wav */ = {isa = PBXFileReference; lastKnownFileType = audio.wav; path = "Acoustic Trio.wav"; sourceTree = "<group>"; };
		8E7D26361FBA1C8D003798E5 /* SpecificVerbViewController.swift */ = {isa = PBXFileReference; lastKnownFileType = sourcecode.swift; path = SpecificVerbViewController.swift; sourceTree = "<group>"; };
		8E7D263C1FBA21EC003798E5 /* TempsVerbesChoisisViewController.swift */ = {isa = PBXFileReference; fileEncoding = 4; lastKnownFileType = sourcecode.swift; path = TempsVerbesChoisisViewController.swift; sourceTree = "<group>"; };
		8E7D263E1FBA21FB003798E5 /* FrenchEnglish.swift */ = {isa = PBXFileReference; fileEncoding = 4; lastKnownFileType = sourcecode.swift; path = FrenchEnglish.swift; sourceTree = "<group>"; };
		8E7D26401FBA2220003798E5 /* RandomNumberGenerator.swift */ = {isa = PBXFileReference; fileEncoding = 4; lastKnownFileType = sourcecode.swift; path = RandomNumberGenerator.swift; sourceTree = "<group>"; };
		8E7FC67326B5CD3000726939 /* Base */ = {isa = PBXFileReference; lastKnownFileType = file.storyboard; name = Base; path = Base.lproj/Main.storyboard; sourceTree = "<group>"; };
		8E7FC67E26B5CDD800726939 /* en */ = {isa = PBXFileReference; lastKnownFileType = text.plist.strings; name = en; path = en.lproj/Localizable.strings; sourceTree = "<group>"; };
		8E7FC68326B5CE0300726939 /* en-GB */ = {isa = PBXFileReference; lastKnownFileType = text.plist.strings; name = "en-GB"; path = "en-GB.lproj/Main.strings"; sourceTree = "<group>"; };
		8E7FC68426B5CE0400726939 /* en-GB */ = {isa = PBXFileReference; lastKnownFileType = text.plist.strings; name = "en-GB"; path = "en-GB.lproj/LaunchScreen.strings"; sourceTree = "<group>"; };
		8E7FC68526B5CE0400726939 /* en-GB */ = {isa = PBXFileReference; lastKnownFileType = text.plist.strings; name = "en-GB"; path = "en-GB.lproj/Localizable.strings"; sourceTree = "<group>"; };
		8E7FC6CF26B71C9C00726939 /* etc_error_drum.mp3 */ = {isa = PBXFileReference; lastKnownFileType = audio.mp3; path = etc_error_drum.mp3; sourceTree = "<group>"; };
		8E7FC6D426B71D4D00726939 /* chime_clickbell_octave_up.mp3 */ = {isa = PBXFileReference; lastKnownFileType = audio.mp3; path = chime_clickbell_octave_up.mp3; sourceTree = "<group>"; };
		8E7FC6D926B7269E00726939 /* en-US */ = {isa = PBXFileReference; lastKnownFileType = text.plist.strings; name = "en-US"; path = "en-US.lproj/Main.strings"; sourceTree = "<group>"; };
		8E7FC6DA26B7269F00726939 /* en-US */ = {isa = PBXFileReference; lastKnownFileType = text.plist.strings; name = "en-US"; path = "en-US.lproj/LaunchScreen.strings"; sourceTree = "<group>"; };
		8E7FC6DB26B726A000726939 /* en-US */ = {isa = PBXFileReference; lastKnownFileType = text.plist.strings; name = "en-US"; path = "en-US.lproj/Localizable.strings"; sourceTree = "<group>"; };
		8E7FC6DC26B726A900726939 /* en-AU */ = {isa = PBXFileReference; lastKnownFileType = text.plist.strings; name = "en-AU"; path = "en-AU.lproj/Main.strings"; sourceTree = "<group>"; };
		8E7FC6DD26B726A900726939 /* en-AU */ = {isa = PBXFileReference; lastKnownFileType = text.plist.strings; name = "en-AU"; path = "en-AU.lproj/LaunchScreen.strings"; sourceTree = "<group>"; };
		8E7FC6DE26B726A900726939 /* en-AU */ = {isa = PBXFileReference; lastKnownFileType = text.plist.strings; name = "en-AU"; path = "en-AU.lproj/Localizable.strings"; sourceTree = "<group>"; };
		8E7FC6DF26B726C800726939 /* en-CA */ = {isa = PBXFileReference; lastKnownFileType = text.plist.strings; name = "en-CA"; path = "en-CA.lproj/Main.strings"; sourceTree = "<group>"; };
		8E7FC6E026B726C900726939 /* en-CA */ = {isa = PBXFileReference; lastKnownFileType = text.plist.strings; name = "en-CA"; path = "en-CA.lproj/LaunchScreen.strings"; sourceTree = "<group>"; };
		8E7FC6E126B726C900726939 /* en-CA */ = {isa = PBXFileReference; lastKnownFileType = text.plist.strings; name = "en-CA"; path = "en-CA.lproj/Localizable.strings"; sourceTree = "<group>"; };
		8E7FC6E226B7271300726939 /* en-NZ */ = {isa = PBXFileReference; lastKnownFileType = text.plist.strings; name = "en-NZ"; path = "en-NZ.lproj/Main.strings"; sourceTree = "<group>"; };
		8E7FC6E326B7271300726939 /* en-NZ */ = {isa = PBXFileReference; lastKnownFileType = text.plist.strings; name = "en-NZ"; path = "en-NZ.lproj/LaunchScreen.strings"; sourceTree = "<group>"; };
		8E7FC6E426B7271400726939 /* en-NZ */ = {isa = PBXFileReference; lastKnownFileType = text.plist.strings; name = "en-NZ"; path = "en-NZ.lproj/Localizable.strings"; sourceTree = "<group>"; };
		8E7FC6E826B73A2900726939 /* fr */ = {isa = PBXFileReference; lastKnownFileType = text.plist.strings; name = fr; path = fr.lproj/Main.strings; sourceTree = "<group>"; };
		8E7FC6E926B73A2A00726939 /* fr */ = {isa = PBXFileReference; lastKnownFileType = text.plist.strings; name = fr; path = fr.lproj/LaunchScreen.strings; sourceTree = "<group>"; };
		8E7FC6EA26B73A2A00726939 /* fr */ = {isa = PBXFileReference; lastKnownFileType = text.plist.strings; name = fr; path = fr.lproj/Localizable.strings; sourceTree = "<group>"; };
		8E7FC6EB26B73A6000726939 /* fr-CA */ = {isa = PBXFileReference; lastKnownFileType = text.plist.strings; name = "fr-CA"; path = "fr-CA.lproj/Main.strings"; sourceTree = "<group>"; };
		8E7FC6EC26B73A6000726939 /* fr-CA */ = {isa = PBXFileReference; lastKnownFileType = text.plist.strings; name = "fr-CA"; path = "fr-CA.lproj/LaunchScreen.strings"; sourceTree = "<group>"; };
		8E7FC6ED26B73A6100726939 /* fr-CA */ = {isa = PBXFileReference; lastKnownFileType = text.plist.strings; name = "fr-CA"; path = "fr-CA.lproj/Localizable.strings"; sourceTree = "<group>"; };
		8E7FC6F526B9CEE000726939 /* es */ = {isa = PBXFileReference; lastKnownFileType = text.plist.strings; name = es; path = es.lproj/Main.strings; sourceTree = "<group>"; };
		8E7FC6F626B9CEE000726939 /* es */ = {isa = PBXFileReference; lastKnownFileType = text.plist.strings; name = es; path = es.lproj/LaunchScreen.strings; sourceTree = "<group>"; };
		8E7FC6F726B9CEE000726939 /* es */ = {isa = PBXFileReference; lastKnownFileType = text.plist.strings; name = es; path = es.lproj/Localizable.strings; sourceTree = "<group>"; };
		8E7FC6F826B9CFD700726939 /* it */ = {isa = PBXFileReference; lastKnownFileType = text.plist.strings; name = it; path = it.lproj/Main.strings; sourceTree = "<group>"; };
		8E7FC6F926B9CFD800726939 /* it */ = {isa = PBXFileReference; lastKnownFileType = text.plist.strings; name = it; path = it.lproj/LaunchScreen.strings; sourceTree = "<group>"; };
		8E7FC6FA26B9CFD800726939 /* it */ = {isa = PBXFileReference; lastKnownFileType = text.plist.strings; name = it; path = it.lproj/Localizable.strings; sourceTree = "<group>"; };
		8E855B6C291ADDB000B33D3C /* fr-FR */ = {isa = PBXFileReference; lastKnownFileType = text.plist.strings; name = "fr-FR"; path = "fr-FR.lproj/Main.strings"; sourceTree = "<group>"; };
		8E855B6D291ADDB000B33D3C /* fr-FR */ = {isa = PBXFileReference; lastKnownFileType = text.plist.strings; name = "fr-FR"; path = "fr-FR.lproj/LaunchScreen.strings"; sourceTree = "<group>"; };
		8E855B6E291ADDB100B33D3C /* fr-FR */ = {isa = PBXFileReference; lastKnownFileType = text.plist.strings; name = "fr-FR"; path = "fr-FR.lproj/Localizable.strings"; sourceTree = "<group>"; };
		8E88658F2231D49100403795 /* StatistiqueTableViewController.swift */ = {isa = PBXFileReference; fileEncoding = 4; lastKnownFileType = sourcecode.swift; path = StatistiqueTableViewController.swift; sourceTree = "<group>"; };
		8E8865912231D4A000403795 /* StatistiqueViewCell.swift */ = {isa = PBXFileReference; fileEncoding = 4; lastKnownFileType = sourcecode.swift; path = StatistiqueViewCell.swift; sourceTree = "<group>"; };
		8E8865932231D4B100403795 /* FetchRequest.swift */ = {isa = PBXFileReference; fileEncoding = 4; lastKnownFileType = sourcecode.swift; path = FetchRequest.swift; sourceTree = "<group>"; };
		8E8865992232FE3B00403795 /* SpanishVerbs.plist */ = {isa = PBXFileReference; fileEncoding = 4; lastKnownFileType = text.plist.xml; path = SpanishVerbs.plist; sourceTree = "<group>"; };
		8E88659D22380AA000403795 /* OtraFormaVerbSelector.swift */ = {isa = PBXFileReference; lastKnownFileType = sourcecode.swift; path = OtraFormaVerbSelector.swift; sourceTree = "<group>"; };
		8E96570D1FC364ED001AFED0 /* GoogleToolboxForMac.framework */ = {isa = PBXFileReference; explicitFileType = wrapper.framework; path = GoogleToolboxForMac.framework; sourceTree = BUILT_PRODUCTS_DIR; };
		8E96570E1FC366CD001AFED0 /* GoogleService-Info.plist */ = {isa = PBXFileReference; fileEncoding = 4; lastKnownFileType = text.plist.xml; path = "GoogleService-Info.plist"; sourceTree = "<group>"; };
		8E9657101FC366E8001AFED0 /* GoogleService-Info.plist */ = {isa = PBXFileReference; fileEncoding = 4; lastKnownFileType = text.plist.xml; path = "GoogleService-Info.plist"; sourceTree = "<group>"; };
		8E9657121FC366F3001AFED0 /* GoogleService-Info.plist */ = {isa = PBXFileReference; fileEncoding = 4; lastKnownFileType = text.plist.xml; path = "GoogleService-Info.plist"; sourceTree = "<group>"; };
		8E9F9BDE26B0781000579F2F /* FirstStatTableViewCell.swift */ = {isa = PBXFileReference; fileEncoding = 4; lastKnownFileType = sourcecode.swift; path = FirstStatTableViewCell.swift; sourceTree = "<group>"; };
		8E9F9BE326B0783B00579F2F /* FetchRequestForVerb.swift */ = {isa = PBXFileReference; fileEncoding = 4; lastKnownFileType = sourcecode.swift; path = FetchRequestForVerb.swift; sourceTree = "<group>"; };
		8E9F9BE826B0784500579F2F /* FetchResultFoeOneTemp.swift */ = {isa = PBXFileReference; fileEncoding = 4; lastKnownFileType = sourcecode.swift; path = FetchResultFoeOneTemp.swift; sourceTree = "<group>"; };
		8E9F9BF126B07AD100579F2F /* DetailStatTableViewController.swift */ = {isa = PBXFileReference; fileEncoding = 4; lastKnownFileType = sourcecode.swift; path = DetailStatTableViewController.swift; sourceTree = "<group>"; };
		8E9F9BF626B07BD900579F2F /* extensionLocalisation.swift */ = {isa = PBXFileReference; fileEncoding = 4; lastKnownFileType = sourcecode.swift; path = extensionLocalisation.swift; sourceTree = "<group>"; };
		8E9F9BFB26B07ED100579F2F /* SoundPlayer.swift */ = {isa = PBXFileReference; fileEncoding = 4; lastKnownFileType = sourcecode.swift; path = SoundPlayer.swift; sourceTree = "<group>"; };
		8E9F9C0026B07F4B00579F2F /* SoundOption.swift */ = {isa = PBXFileReference; fileEncoding = 4; lastKnownFileType = sourcecode.swift; path = SoundOption.swift; sourceTree = "<group>"; };
		8EC4ABC71D17358D007359FF /* Spanish Verbs Quiz.app */ = {isa = PBXFileReference; explicitFileType = wrapper.application; includeInIndex = 0; path = "Spanish Verbs Quiz.app"; sourceTree = BUILT_PRODUCTS_DIR; };
		8EC4ABCA1D17358D007359FF /* AppDelegate.swift */ = {isa = PBXFileReference; lastKnownFileType = sourcecode.swift; path = AppDelegate.swift; sourceTree = "<group>"; };
		8EC4ABD11D17358D007359FF /* Assets.xcassets */ = {isa = PBXFileReference; lastKnownFileType = folder.assetcatalog; path = Assets.xcassets; sourceTree = "<group>"; };
		8EC4ABD41D17358D007359FF /* Base */ = {isa = PBXFileReference; lastKnownFileType = file.storyboard; name = Base; path = Base.lproj/LaunchScreen.storyboard; sourceTree = "<group>"; };
		8EC4ABD61D17358D007359FF /* Info.plist */ = {isa = PBXFileReference; lastKnownFileType = text.plist.xml; path = Info.plist; sourceTree = "<group>"; };
		8EC4ABDB1D17358E007359FF /* Spanish Verbs QuizTests.xctest */ = {isa = PBXFileReference; explicitFileType = wrapper.cfbundle; includeInIndex = 0; path = "Spanish Verbs QuizTests.xctest"; sourceTree = BUILT_PRODUCTS_DIR; };
		8EC4ABDF1D17358E007359FF /* Spanish_Verbs_QuizTests.swift */ = {isa = PBXFileReference; lastKnownFileType = sourcecode.swift; path = Spanish_Verbs_QuizTests.swift; sourceTree = "<group>"; };
		8EC4ABE11D17358E007359FF /* Info.plist */ = {isa = PBXFileReference; lastKnownFileType = text.plist.xml; path = Info.plist; sourceTree = "<group>"; };
		8EC4ABE61D17358E007359FF /* Spanish Verbs QuizUITests.xctest */ = {isa = PBXFileReference; explicitFileType = wrapper.cfbundle; includeInIndex = 0; path = "Spanish Verbs QuizUITests.xctest"; sourceTree = BUILT_PRODUCTS_DIR; };
		8EC4ABEA1D17358E007359FF /* Spanish_Verbs_QuizUITests.swift */ = {isa = PBXFileReference; lastKnownFileType = sourcecode.swift; path = Spanish_Verbs_QuizUITests.swift; sourceTree = "<group>"; };
		8EC4ABEC1D17358E007359FF /* Info.plist */ = {isa = PBXFileReference; lastKnownFileType = text.plist.xml; path = Info.plist; sourceTree = "<group>"; };
		8ED90E4E223D8BC8008C5063 /* OtraFormaEvaluation.swift */ = {isa = PBXFileReference; lastKnownFileType = sourcecode.swift; path = OtraFormaEvaluation.swift; sourceTree = "<group>"; };
		8ED90E50223EAEBC008C5063 /* DictAvoirEtre.plist */ = {isa = PBXFileReference; fileEncoding = 4; lastKnownFileType = text.plist.xml; path = DictAvoirEtre.plist; sourceTree = "<group>"; };
		8ED90E992240121E008C5063 /* FrenchToEnglish.plist */ = {isa = PBXFileReference; fileEncoding = 4; lastKnownFileType = text.plist.xml; path = FrenchToEnglish.plist; sourceTree = "<group>"; };
		8FA61A9C319B8175CA3CC789 /* Pods_Spanish_Verbs_QuizUITests.framework */ = {isa = PBXFileReference; explicitFileType = wrapper.framework; includeInIndex = 0; path = Pods_Spanish_Verbs_QuizUITests.framework; sourceTree = BUILT_PRODUCTS_DIR; };
		D5AE6DCCF08D2114ABBDC00A /* Pods-Spanish Verbs Quiz.debug.xcconfig */ = {isa = PBXFileReference; includeInIndex = 1; lastKnownFileType = text.xcconfig; name = "Pods-Spanish Verbs Quiz.debug.xcconfig"; path = "Pods/Target Support Files/Pods-Spanish Verbs Quiz/Pods-Spanish Verbs Quiz.debug.xcconfig"; sourceTree = "<group>"; };
/* End PBXFileReference section */

/* Begin PBXFrameworksBuildPhase section */
		8EC4ABC41D17358D007359FF /* Frameworks */ = {
			isa = PBXFrameworksBuildPhase;
			buildActionMask = 2147483647;
			files = (
				C7180B771B620059F66A9374 /* Pods_Spanish_Verbs_Quiz.framework in Frameworks */,
			);
			runOnlyForDeploymentPostprocessing = 0;
		};
		8EC4ABD81D17358E007359FF /* Frameworks */ = {
			isa = PBXFrameworksBuildPhase;
			buildActionMask = 2147483647;
			files = (
				87E6D6393BA479A109DCB1ED /* Pods_Spanish_Verbs_QuizTests.framework in Frameworks */,
			);
			runOnlyForDeploymentPostprocessing = 0;
		};
		8EC4ABE31D17358E007359FF /* Frameworks */ = {
			isa = PBXFrameworksBuildPhase;
			buildActionMask = 2147483647;
			files = (
				51919FFD2A6DA8FA75DFF9ED /* Pods_Spanish_Verbs_QuizUITests.framework in Frameworks */,
			);
			runOnlyForDeploymentPostprocessing = 0;
		};
/* End PBXFrameworksBuildPhase section */

/* Begin PBXGroup section */
		873D0D44D56A3D357825CC21 /* Pods */ = {
			isa = PBXGroup;
			children = (
				D5AE6DCCF08D2114ABBDC00A /* Pods-Spanish Verbs Quiz.debug.xcconfig */,
				3A5780531A0EF47B852436EE /* Pods-Spanish Verbs Quiz.release.xcconfig */,
				12752ABFC045D9F0D7744342 /* Pods-Spanish Verbs QuizTests.debug.xcconfig */,
				00FE85581CF04903EF5278E6 /* Pods-Spanish Verbs QuizTests.release.xcconfig */,
				34969759B082D6F4E87162F9 /* Pods-Spanish Verbs QuizUITests.debug.xcconfig */,
				1F628163FED2F8CC74993275 /* Pods-Spanish Verbs QuizUITests.release.xcconfig */,
			);
			name = Pods;
			sourceTree = "<group>";
		};
		88BE94F5DA981DF335381F9A /* Frameworks */ = {
			isa = PBXGroup;
			children = (
				8E96570D1FC364ED001AFED0 /* GoogleToolboxForMac.framework */,
				157C97C44D866A8173C0B383 /* Pods_Spanish_Verbs_Quiz.framework */,
				387F96E9D6975C9E0C9E555D /* Pods_Spanish_Verbs_QuizTests.framework */,
				8FA61A9C319B8175CA3CC789 /* Pods_Spanish_Verbs_QuizUITests.framework */,
			);
			name = Frameworks;
			sourceTree = "<group>";
		};
		8E0F1C4022248D69000EFE52 /* IntroductionControllers */ = {
			isa = PBXGroup;
			children = (
				8EC4ABD31D17358D007359FF /* LaunchScreen.storyboard */,
				8E7D26321FBA147D003798E5 /* LogoViewController.swift */,
				8E1DB8EF1EC0A8700063EB1F /* OptionsViewController.swift */,
			);
			path = IntroductionControllers;
			sourceTree = "<group>";
		};
		8E0F1C4122248D81000EFE52 /* ListeDeVerbes */ = {
			isa = PBXGroup;
			children = (
				8E1DB8F11EC0A87E0063EB1F /* VerbListViewController.swift */,
				8E1DB8F31EC0A8840063EB1F /* tempsDeVerbeTableViewController.swift */,
				8E1DB8F51EC0A88A0063EB1F /* FinalVerbeViewController.swift */,
				8E0F1C4922249B83000EFE52 /* ModeAndTempStruct.swift */,
				8E0F1C4D22249DA1000EFE52 /* ChosenVerb.swift */,
				8E0F1C4B22249D93000EFE52 /* Verb.swift */,
				8E0F1C4F22249EF2000EFE52 /* ExtensionCapitalizedFirstLetter.swift */,
				8E0F1C5122249F92000EFE52 /* ChoixDu Pronom.swift */,
			);
			path = ListeDeVerbes;
			sourceTree = "<group>";
		};
		8E0F1C4222248D90000EFE52 /* Quiz Controller */ = {
			isa = PBXGroup;
			children = (
				8E1DB8F71EC0A8900063EB1F /* QuizOptionsController.swift */,
				8E7D26361FBA1C8D003798E5 /* SpecificVerbViewController.swift */,
				8E1DB8F91EC0A8970063EB1F /* QuizController.swift */,
				8E1DB8FB1EC0A89E0063EB1F /* ResultViewController.swift */,
				8E7D263C1FBA21EC003798E5 /* TempsVerbesChoisisViewController.swift */,
				8E0F1C55222718DD000EFE52 /* QuizQuestion.swift */,
				8E9F9C0026B07F4B00579F2F /* SoundOption.swift */,
				8E0F1C592227195F000EFE52 /* SelectVerbsForQuiz.swift */,
				8E0F1C6122271D34000EFE52 /* ResponseEvaluation.swift */,
				8E0F1C532226FB84000EFE52 /* VerbInfinitif.swift */,
				8E0F1C6322271D41000EFE52 /* SoundResponse.swift */,
				8E7D263E1FBA21FB003798E5 /* FrenchEnglish.swift */,
				8E88659D22380AA000403795 /* OtraFormaVerbSelector.swift */,
			);
			path = "Quiz Controller";
			sourceTree = "<group>";
		};
		8E0F1C4322248DAD000EFE52 /* ContextuelQuiz */ = {
			isa = PBXGroup;
			children = (
				8E55D4AF222F239D003C29B0 /* ContextuelQuizOptionController.swift */,
				8E55D4B1222F23A8003C29B0 /* ContextuelQuizViewController.swift */,
				8E55D4B3222F23B2003C29B0 /* ChoixDeTempsViewController.swift */,
				8E0F1C5B22271A6E000EFE52 /* TextFieldProperties.swift */,
				8E0F1C5D22271B31000EFE52 /* ChoixFacileVerbeConjugue.swift */,
				8E0F1C5F22271B7A000EFE52 /* UnwindSegueChoice.swift */,
				8E55D4B5222F265D003C29B0 /* Sentence.swift */,
				8E0F1C6522271EEB000EFE52 /* Auxiliere.swift */,
				8E0F1C57222718F6000EFE52 /* DifficultyLevel.swift */,
				8ED90E4E223D8BC8008C5063 /* OtraFormaEvaluation.swift */,
			);
			path = ContextuelQuiz;
			sourceTree = "<group>";
		};
		8E0F1C4422248DC2000EFE52 /* StatisticView */ = {
			isa = PBXGroup;
			children = (
				8E9F9BF126B07AD100579F2F /* DetailStatTableViewController.swift */,
				8E88658F2231D49100403795 /* StatistiqueTableViewController.swift */,
				8E8865912231D4A000403795 /* StatistiqueViewCell.swift */,
				8E0F1C672227216F000EFE52 /* PieChartSetUp.swift */,
				8E8865932231D4B100403795 /* FetchRequest.swift */,
				8E9F9BDE26B0781000579F2F /* FirstStatTableViewCell.swift */,
				8E9F9BE326B0783B00579F2F /* FetchRequestForVerb.swift */,
				8E9F9BE826B0784500579F2F /* FetchResultFoeOneTemp.swift */,
			);
			path = StatisticView;
			sourceTree = "<group>";
		};
		8E4DE071291589D80000EFAE /* VoiceSynth */ = {
			isa = PBXGroup;
			children = (
				8E2ECE3A2C062CA8000F37C9 /* SpeechManager.swift */,
				8E2ECE3C2C062CAF000F37C9 /* SpeechLabel.swift */,
				8E2ECE3E2C066B22000F37C9 /* ProcessAndSpeakText.swift */,
			);
			path = VoiceSynth;
			sourceTree = "<group>";
		};
		8E7D26311FBA1261003798E5 /* sound */ = {
			isa = PBXGroup;
			children = (
				8E9F9BFB26B07ED100579F2F /* SoundPlayer.swift */,
				8E7D26341FBA1600003798E5 /* Acoustic Trio.wav */,
				8E7FC6CF26B71C9C00726939 /* etc_error_drum.mp3 */,
				8E2A19ED1EC10B29002396E6 /* Error Warning.wav */,
				8E7FC6D426B71D4D00726939 /* chime_clickbell_octave_up.mp3 */,
				8E2A19EB1EC10B20002396E6 /* Incoming Text 01.wav */,
			);
			name = sound;
			path = "New Group";
			sourceTree = "<group>";
		};
		8EC4ABBE1D17358D007359FF = {
			isa = PBXGroup;
			children = (
				8EC4ABC91D17358D007359FF /* Spanish Verbs Quiz */,
				8EC4ABDE1D17358E007359FF /* Spanish Verbs QuizTests */,
				8EC4ABE91D17358E007359FF /* Spanish Verbs QuizUITests */,
				8EC4ABC81D17358D007359FF /* Products */,
				873D0D44D56A3D357825CC21 /* Pods */,
				88BE94F5DA981DF335381F9A /* Frameworks */,
			);
			sourceTree = "<group>";
		};
		8EC4ABC81D17358D007359FF /* Products */ = {
			isa = PBXGroup;
			children = (
				8EC4ABC71D17358D007359FF /* Spanish Verbs Quiz.app */,
				8EC4ABDB1D17358E007359FF /* Spanish Verbs QuizTests.xctest */,
				8EC4ABE61D17358E007359FF /* Spanish Verbs QuizUITests.xctest */,
			);
			name = Products;
			sourceTree = "<group>";
		};
		8EC4ABC91D17358D007359FF /* Spanish Verbs Quiz */ = {
			isa = PBXGroup;
			children = (
				8E2ECE402C08FAF5000F37C9 /* PrivacyInfo.xcprivacy */,
				8E7FC67426B5CD3000726939 /* Main.storyboard */,
				8E7FC67F26B5CDD800726939 /* Localizable.strings */,
				8EC4ABCA1D17358D007359FF /* AppDelegate.swift */,
				8E8865992232FE3B00403795 /* SpanishVerbs.plist */,
				8ED90E992240121E008C5063 /* FrenchToEnglish.plist */,
				8E5413C42919B21C00ED56AF /* SpanishFrench.plist */,
				8E5413C22919B21800ED56AF /* SpanishItalian.plist */,
				8ED90E50223EAEBC008C5063 /* DictAvoirEtre.plist */,
				8E0F1C6B2229899C000EFE52 /* VerbesEspagnolsContextuels.plist */,
				8EC4ABD11D17358D007359FF /* Assets.xcassets */,
				8E0F1C4722249209000EFE52 /* ScreenDimension.swift */,
				8E0F1C4522249192000EFE52 /* FontsAndConstraintsOptions.swift */,
				8E7D26311FBA1261003798E5 /* sound */,
				8E4DE071291589D80000EFAE /* VoiceSynth */,
				8E0F1C4022248D69000EFE52 /* IntroductionControllers */,
				8E0F1C4122248D81000EFE52 /* ListeDeVerbes */,
				8E0F1C4222248D90000EFE52 /* Quiz Controller */,
				8E0F1C4322248DAD000EFE52 /* ContextuelQuiz */,
				8E0F1C4422248DC2000EFE52 /* StatisticView */,
				8E9F9BF626B07BD900579F2F /* extensionLocalisation.swift */,
				8E1DB8EB1EC0A85C0063EB1F /* DataStructure.swift */,
				8E1DB8ED1EC0A8650063EB1F /* initialViewController.swift */,
				8EC4ABD61D17358D007359FF /* Info.plist */,
				8E96570E1FC366CD001AFED0 /* GoogleService-Info.plist */,
				8E4569C41EC107140067E575 /* VerbesEspagnols.xcdatamodeld */,
				8E4569C81EC107C30067E575 /* ItemVerbe+CoreDataProperties.swift */,
				8E4569C71EC107C30067E575 /* ItemVerbe+CoreDataClass.swift */,
				8E7D26401FBA2220003798E5 /* RandomNumberGenerator.swift */,
			);
			path = "Spanish Verbs Quiz";
			sourceTree = "<group>";
		};
		8EC4ABDE1D17358E007359FF /* Spanish Verbs QuizTests */ = {
			isa = PBXGroup;
			children = (
				8EC4ABDF1D17358E007359FF /* Spanish_Verbs_QuizTests.swift */,
				8EC4ABE11D17358E007359FF /* Info.plist */,
				8E9657101FC366E8001AFED0 /* GoogleService-Info.plist */,
			);
			path = "Spanish Verbs QuizTests";
			sourceTree = "<group>";
		};
		8EC4ABE91D17358E007359FF /* Spanish Verbs QuizUITests */ = {
			isa = PBXGroup;
			children = (
				8EC4ABEA1D17358E007359FF /* Spanish_Verbs_QuizUITests.swift */,
				8EC4ABEC1D17358E007359FF /* Info.plist */,
				8E9657121FC366F3001AFED0 /* GoogleService-Info.plist */,
			);
			path = "Spanish Verbs QuizUITests";
			sourceTree = "<group>";
		};
/* End PBXGroup section */

/* Begin PBXNativeTarget section */
		8EC4ABC61D17358D007359FF /* Spanish Verbs Quiz */ = {
			isa = PBXNativeTarget;
			buildConfigurationList = 8EC4ABEF1D17358E007359FF /* Build configuration list for PBXNativeTarget "Spanish Verbs Quiz" */;
			buildPhases = (
				20B76B51C99161122DC0F1C5 /* [CP] Check Pods Manifest.lock */,
				8EC4ABC31D17358D007359FF /* Sources */,
				8EC4ABC41D17358D007359FF /* Frameworks */,
				8EC4ABC51D17358D007359FF /* Resources */,
				85FAA16EA2E359BACB071A91 /* [CP] Embed Pods Frameworks */,
			);
			buildRules = (
			);
			dependencies = (
			);
			name = "Spanish Verbs Quiz";
			productName = "Spanish Verbs Quiz";
			productReference = 8EC4ABC71D17358D007359FF /* Spanish Verbs Quiz.app */;
			productType = "com.apple.product-type.application";
		};
		8EC4ABDA1D17358E007359FF /* Spanish Verbs QuizTests */ = {
			isa = PBXNativeTarget;
			buildConfigurationList = 8EC4ABF21D17358E007359FF /* Build configuration list for PBXNativeTarget "Spanish Verbs QuizTests" */;
			buildPhases = (
				9A12C3AB5C7B263D36AF5C86 /* [CP] Check Pods Manifest.lock */,
				8EC4ABD71D17358E007359FF /* Sources */,
				8EC4ABD81D17358E007359FF /* Frameworks */,
				8EC4ABD91D17358E007359FF /* Resources */,
			);
			buildRules = (
			);
			dependencies = (
				8EC4ABDD1D17358E007359FF /* PBXTargetDependency */,
			);
			name = "Spanish Verbs QuizTests";
			productName = "Spanish Verbs QuizTests";
			productReference = 8EC4ABDB1D17358E007359FF /* Spanish Verbs QuizTests.xctest */;
			productType = "com.apple.product-type.bundle.unit-test";
		};
		8EC4ABE51D17358E007359FF /* Spanish Verbs QuizUITests */ = {
			isa = PBXNativeTarget;
			buildConfigurationList = 8EC4ABF51D17358E007359FF /* Build configuration list for PBXNativeTarget "Spanish Verbs QuizUITests" */;
			buildPhases = (
				8D4A64A1E2C650CE8EC0FF54 /* [CP] Check Pods Manifest.lock */,
				8EC4ABE21D17358E007359FF /* Sources */,
				8EC4ABE31D17358E007359FF /* Frameworks */,
				8EC4ABE41D17358E007359FF /* Resources */,
			);
			buildRules = (
			);
			dependencies = (
				8EC4ABE81D17358E007359FF /* PBXTargetDependency */,
			);
			name = "Spanish Verbs QuizUITests";
			productName = "Spanish Verbs QuizUITests";
			productReference = 8EC4ABE61D17358E007359FF /* Spanish Verbs QuizUITests.xctest */;
			productType = "com.apple.product-type.bundle.ui-testing";
		};
/* End PBXNativeTarget section */

/* Begin PBXProject section */
		8EC4ABBF1D17358D007359FF /* Project object */ = {
			isa = PBXProject;
			attributes = {
				LastSwiftUpdateCheck = 0730;
				LastUpgradeCheck = 1200;
				ORGANIZATIONNAME = "Normand Martin";
				TargetAttributes = {
					8EC4ABC61D17358D007359FF = {
						CreatedOnToolsVersion = 7.3;
						DevelopmentTeam = X6D769Z7F4;
						LastSwiftMigration = 1020;
					};
					8EC4ABDA1D17358E007359FF = {
						CreatedOnToolsVersion = 7.3;
						LastSwiftMigration = 1020;
						TestTargetID = 8EC4ABC61D17358D007359FF;
					};
					8EC4ABE51D17358E007359FF = {
						CreatedOnToolsVersion = 7.3;
						LastSwiftMigration = 1020;
						TestTargetID = 8EC4ABC61D17358D007359FF;
					};
				};
			};
			buildConfigurationList = 8EC4ABC21D17358D007359FF /* Build configuration list for PBXProject "Spanish Verbs Quiz" */;
			compatibilityVersion = "Xcode 3.2";
			developmentRegion = en;
			hasScannedForEncodings = 0;
			knownRegions = (
				en,
				Base,
				"en-GB",
				"en-US",
				"en-AU",
				"en-CA",
				"en-NZ",
				fr,
				"fr-CA",
				es,
				it,
				"fr-FR",
			);
			mainGroup = 8EC4ABBE1D17358D007359FF;
			productRefGroup = 8EC4ABC81D17358D007359FF /* Products */;
			projectDirPath = "";
			projectRoot = "";
			targets = (
				8EC4ABC61D17358D007359FF /* Spanish Verbs Quiz */,
				8EC4ABDA1D17358E007359FF /* Spanish Verbs QuizTests */,
				8EC4ABE51D17358E007359FF /* Spanish Verbs QuizUITests */,
			);
		};
/* End PBXProject section */

/* Begin PBXResourcesBuildPhase section */
		8EC4ABC51D17358D007359FF /* Resources */ = {
			isa = PBXResourcesBuildPhase;
			buildActionMask = 2147483647;
			files = (
				8ED90E9A2240121F008C5063 /* FrenchToEnglish.plist in Resources */,
				8E5413C32919B21800ED56AF /* SpanishItalian.plist in Resources */,
				8E7FC67D26B5CDD800726939 /* Localizable.strings in Resources */,
				8E88659A2232FE3F00403795 /* SpanishVerbs.plist in Resources */,
				8E7D26351FBA1600003798E5 /* Acoustic Trio.wav in Resources */,
				8E7FC67226B5CD3000726939 /* Main.storyboard in Resources */,
				8ED90E51223EAEBC008C5063 /* DictAvoirEtre.plist in Resources */,
				8EC4ABD51D17358D007359FF /* LaunchScreen.storyboard in Resources */,
				8E96570F1FC366CD001AFED0 /* GoogleService-Info.plist in Resources */,
				8E5413C52919B21C00ED56AF /* SpanishFrench.plist in Resources */,
				8E2A19EE1EC10B29002396E6 /* Error Warning.wav in Resources */,
				8E2A19EC1EC10B20002396E6 /* Incoming Text 01.wav in Resources */,
				8E7FC6D526B71D4D00726939 /* chime_clickbell_octave_up.mp3 in Resources */,
				8E0F1C6C2229899C000EFE52 /* VerbesEspagnolsContextuels.plist in Resources */,
				8E7FC6D026B71C9C00726939 /* etc_error_drum.mp3 in Resources */,
				8EC4ABD21D17358D007359FF /* Assets.xcassets in Resources */,
			);
			runOnlyForDeploymentPostprocessing = 0;
		};
		8EC4ABD91D17358E007359FF /* Resources */ = {
			isa = PBXResourcesBuildPhase;
			buildActionMask = 2147483647;
			files = (
				8E9657111FC366E8001AFED0 /* GoogleService-Info.plist in Resources */,
			);
			runOnlyForDeploymentPostprocessing = 0;
		};
		8EC4ABE41D17358E007359FF /* Resources */ = {
			isa = PBXResourcesBuildPhase;
			buildActionMask = 2147483647;
			files = (
				8E9657131FC366F3001AFED0 /* GoogleService-Info.plist in Resources */,
			);
			runOnlyForDeploymentPostprocessing = 0;
		};
/* End PBXResourcesBuildPhase section */

/* Begin PBXShellScriptBuildPhase section */
		20B76B51C99161122DC0F1C5 /* [CP] Check Pods Manifest.lock */ = {
			isa = PBXShellScriptBuildPhase;
			buildActionMask = 2147483647;
			files = (
			);
			inputPaths = (
				"${PODS_PODFILE_DIR_PATH}/Podfile.lock",
				"${PODS_ROOT}/Manifest.lock",
			);
			name = "[CP] Check Pods Manifest.lock";
			outputPaths = (
				"$(DERIVED_FILE_DIR)/Pods-Spanish Verbs Quiz-checkManifestLockResult.txt",
			);
			runOnlyForDeploymentPostprocessing = 0;
			shellPath = /bin/sh;
			shellScript = "diff \"${PODS_PODFILE_DIR_PATH}/Podfile.lock\" \"${PODS_ROOT}/Manifest.lock\" > /dev/null\nif [ $? != 0 ] ; then\n    # print error to STDERR\n    echo \"error: The sandbox is not in sync with the Podfile.lock. Run 'pod install' or update your CocoaPods installation.\" >&2\n    exit 1\nfi\n# This output is used by Xcode 'outputs' to avoid re-running this script phase.\necho \"SUCCESS\" > \"${SCRIPT_OUTPUT_FILE_0}\"\n";
			showEnvVarsInLog = 0;
		};
		85FAA16EA2E359BACB071A91 /* [CP] Embed Pods Frameworks */ = {
			isa = PBXShellScriptBuildPhase;
			buildActionMask = 2147483647;
			files = (
			);
			inputPaths = (
				"${PODS_ROOT}/Target Support Files/Pods-Spanish Verbs Quiz/Pods-Spanish Verbs Quiz-frameworks.sh",
				"${BUILT_PRODUCTS_DIR}/Charts/Charts.framework",
				"${BUILT_PRODUCTS_DIR}/SwiftAlgorithms/Algorithms.framework",
			);
			name = "[CP] Embed Pods Frameworks";
			outputPaths = (
				"${TARGET_BUILD_DIR}/${FRAMEWORKS_FOLDER_PATH}/Charts.framework",
				"${TARGET_BUILD_DIR}/${FRAMEWORKS_FOLDER_PATH}/Algorithms.framework",
			);
			runOnlyForDeploymentPostprocessing = 0;
			shellPath = /bin/sh;
			shellScript = "\"${PODS_ROOT}/Target Support Files/Pods-Spanish Verbs Quiz/Pods-Spanish Verbs Quiz-frameworks.sh\"\n";
			showEnvVarsInLog = 0;
		};
		8D4A64A1E2C650CE8EC0FF54 /* [CP] Check Pods Manifest.lock */ = {
			isa = PBXShellScriptBuildPhase;
			buildActionMask = 2147483647;
			files = (
			);
			inputPaths = (
				"${PODS_PODFILE_DIR_PATH}/Podfile.lock",
				"${PODS_ROOT}/Manifest.lock",
			);
			name = "[CP] Check Pods Manifest.lock";
			outputPaths = (
				"$(DERIVED_FILE_DIR)/Pods-Spanish Verbs QuizUITests-checkManifestLockResult.txt",
			);
			runOnlyForDeploymentPostprocessing = 0;
			shellPath = /bin/sh;
			shellScript = "diff \"${PODS_PODFILE_DIR_PATH}/Podfile.lock\" \"${PODS_ROOT}/Manifest.lock\" > /dev/null\nif [ $? != 0 ] ; then\n    # print error to STDERR\n    echo \"error: The sandbox is not in sync with the Podfile.lock. Run 'pod install' or update your CocoaPods installation.\" >&2\n    exit 1\nfi\n# This output is used by Xcode 'outputs' to avoid re-running this script phase.\necho \"SUCCESS\" > \"${SCRIPT_OUTPUT_FILE_0}\"\n";
			showEnvVarsInLog = 0;
		};
		9A12C3AB5C7B263D36AF5C86 /* [CP] Check Pods Manifest.lock */ = {
			isa = PBXShellScriptBuildPhase;
			buildActionMask = 2147483647;
			files = (
			);
			inputPaths = (
				"${PODS_PODFILE_DIR_PATH}/Podfile.lock",
				"${PODS_ROOT}/Manifest.lock",
			);
			name = "[CP] Check Pods Manifest.lock";
			outputPaths = (
				"$(DERIVED_FILE_DIR)/Pods-Spanish Verbs QuizTests-checkManifestLockResult.txt",
			);
			runOnlyForDeploymentPostprocessing = 0;
			shellPath = /bin/sh;
			shellScript = "diff \"${PODS_PODFILE_DIR_PATH}/Podfile.lock\" \"${PODS_ROOT}/Manifest.lock\" > /dev/null\nif [ $? != 0 ] ; then\n    # print error to STDERR\n    echo \"error: The sandbox is not in sync with the Podfile.lock. Run 'pod install' or update your CocoaPods installation.\" >&2\n    exit 1\nfi\n# This output is used by Xcode 'outputs' to avoid re-running this script phase.\necho \"SUCCESS\" > \"${SCRIPT_OUTPUT_FILE_0}\"\n";
			showEnvVarsInLog = 0;
		};
/* End PBXShellScriptBuildPhase section */

/* Begin PBXSourcesBuildPhase section */
		8EC4ABC31D17358D007359FF /* Sources */ = {
			isa = PBXSourcesBuildPhase;
			buildActionMask = 2147483647;
			files = (
				8E8865942231D4B300403795 /* FetchRequest.swift in Sources */,
				8E9F9BE926B0784500579F2F /* FetchResultFoeOneTemp.swift in Sources */,
				8E9F9BF226B07AD100579F2F /* DetailStatTableViewController.swift in Sources */,
				8E88659E22380AA000403795 /* OtraFormaVerbSelector.swift in Sources */,
				8EC4ABCB1D17358D007359FF /* AppDelegate.swift in Sources */,
				8E2ECE3F2C066B22000F37C9 /* ProcessAndSpeakText.swift in Sources */,
				8E0F1C542226FB84000EFE52 /* VerbInfinitif.swift in Sources */,
				8E0F1C6422271D41000EFE52 /* SoundResponse.swift in Sources */,
				8E0F1C682227216F000EFE52 /* PieChartSetUp.swift in Sources */,
				8E7D26331FBA147D003798E5 /* LogoViewController.swift in Sources */,
				8E55D4B4222F23B2003C29B0 /* ChoixDeTempsViewController.swift in Sources */,
				8E0F1C4822249209000EFE52 /* ScreenDimension.swift in Sources */,
				8E0F1C5A2227195F000EFE52 /* SelectVerbsForQuiz.swift in Sources */,
				8E1DB8F81EC0A8900063EB1F /* QuizOptionsController.swift in Sources */,
				8E7D26411FBA2220003798E5 /* RandomNumberGenerator.swift in Sources */,
				8E9F9BDF26B0781000579F2F /* FirstStatTableViewCell.swift in Sources */,
				8E0F1C5C22271A6E000EFE52 /* TextFieldProperties.swift in Sources */,
				8E4569C61EC107140067E575 /* VerbesEspagnols.xcdatamodeld in Sources */,
				8E55D4B2222F23A8003C29B0 /* ContextuelQuizViewController.swift in Sources */,
				8E8865902231D49200403795 /* StatistiqueTableViewController.swift in Sources */,
				8E1DB8FA1EC0A8970063EB1F /* QuizController.swift in Sources */,
				8E4569CA1EC107C30067E575 /* ItemVerbe+CoreDataProperties.swift in Sources */,
				8E1DB8EC1EC0A85C0063EB1F /* DataStructure.swift in Sources */,
				8E55D4B0222F239D003C29B0 /* ContextuelQuizOptionController.swift in Sources */,
				8E0F1C4622249192000EFE52 /* FontsAndConstraintsOptions.swift in Sources */,
				8E1DB8EE1EC0A8650063EB1F /* initialViewController.swift in Sources */,
				8E7D263F1FBA21FB003798E5 /* FrenchEnglish.swift in Sources */,
				8ED90E4F223D8BC8008C5063 /* OtraFormaEvaluation.swift in Sources */,
				8E1DB8F01EC0A8700063EB1F /* OptionsViewController.swift in Sources */,
				8E1DB8F21EC0A87E0063EB1F /* VerbListViewController.swift in Sources */,
				8E0F1C6022271B7A000EFE52 /* UnwindSegueChoice.swift in Sources */,
				8E9F9C0126B07F4B00579F2F /* SoundOption.swift in Sources */,
				8E1DB8F41EC0A8840063EB1F /* tempsDeVerbeTableViewController.swift in Sources */,
				8E9F9BE426B0783B00579F2F /* FetchRequestForVerb.swift in Sources */,
				8E0F1C58222718F6000EFE52 /* DifficultyLevel.swift in Sources */,
				8E7D263D1FBA21EC003798E5 /* TempsVerbesChoisisViewController.swift in Sources */,
				8E1DB8F61EC0A88A0063EB1F /* FinalVerbeViewController.swift in Sources */,
				8E55D4B6222F265D003C29B0 /* Sentence.swift in Sources */,
				8E4569C91EC107C30067E575 /* ItemVerbe+CoreDataClass.swift in Sources */,
				8E0F1C4C22249D93000EFE52 /* Verb.swift in Sources */,
				8E2ECE3B2C062CA8000F37C9 /* SpeechManager.swift in Sources */,
				8E0F1C5E22271B31000EFE52 /* ChoixFacileVerbeConjugue.swift in Sources */,
				8E0F1C4E22249DA1000EFE52 /* ChosenVerb.swift in Sources */,
				8E0F1C56222718DD000EFE52 /* QuizQuestion.swift in Sources */,
				8E0F1C6222271D34000EFE52 /* ResponseEvaluation.swift in Sources */,
				8E2ECE3D2C062CAF000F37C9 /* SpeechLabel.swift in Sources */,
				8E0F1C4A22249B83000EFE52 /* ModeAndTempStruct.swift in Sources */,
				8E7D26371FBA1C8D003798E5 /* SpecificVerbViewController.swift in Sources */,
				8E1DB8FC1EC0A89E0063EB1F /* ResultViewController.swift in Sources */,
				8E9F9BF726B07BD900579F2F /* extensionLocalisation.swift in Sources */,
				8E8865922231D4A100403795 /* StatistiqueViewCell.swift in Sources */,
				8E0F1C5222249F92000EFE52 /* ChoixDu Pronom.swift in Sources */,
				8E0F1C6622271EEB000EFE52 /* Auxiliere.swift in Sources */,
				8E9F9BFC26B07ED100579F2F /* SoundPlayer.swift in Sources */,
				8E0F1C5022249EF2000EFE52 /* ExtensionCapitalizedFirstLetter.swift in Sources */,
			);
			runOnlyForDeploymentPostprocessing = 0;
		};
		8EC4ABD71D17358E007359FF /* Sources */ = {
			isa = PBXSourcesBuildPhase;
			buildActionMask = 2147483647;
			files = (
				8EC4ABE01D17358E007359FF /* Spanish_Verbs_QuizTests.swift in Sources */,
			);
			runOnlyForDeploymentPostprocessing = 0;
		};
		8EC4ABE21D17358E007359FF /* Sources */ = {
			isa = PBXSourcesBuildPhase;
			buildActionMask = 2147483647;
			files = (
				8EC4ABEB1D17358E007359FF /* Spanish_Verbs_QuizUITests.swift in Sources */,
			);
			runOnlyForDeploymentPostprocessing = 0;
		};
/* End PBXSourcesBuildPhase section */

/* Begin PBXTargetDependency section */
		8EC4ABDD1D17358E007359FF /* PBXTargetDependency */ = {
			isa = PBXTargetDependency;
			target = 8EC4ABC61D17358D007359FF /* Spanish Verbs Quiz */;
			targetProxy = 8EC4ABDC1D17358E007359FF /* PBXContainerItemProxy */;
		};
		8EC4ABE81D17358E007359FF /* PBXTargetDependency */ = {
			isa = PBXTargetDependency;
			target = 8EC4ABC61D17358D007359FF /* Spanish Verbs Quiz */;
			targetProxy = 8EC4ABE71D17358E007359FF /* PBXContainerItemProxy */;
		};
/* End PBXTargetDependency section */

/* Begin PBXVariantGroup section */
		8E7FC67426B5CD3000726939 /* Main.storyboard */ = {
			isa = PBXVariantGroup;
			children = (
				8E7FC67326B5CD3000726939 /* Base */,
				8E7FC68326B5CE0300726939 /* en-GB */,
				8E7FC6D926B7269E00726939 /* en-US */,
				8E7FC6DC26B726A900726939 /* en-AU */,
				8E7FC6DF26B726C800726939 /* en-CA */,
				8E7FC6E226B7271300726939 /* en-NZ */,
				8E7FC6E826B73A2900726939 /* fr */,
				8E7FC6EB26B73A6000726939 /* fr-CA */,
				8E7FC6F526B9CEE000726939 /* es */,
				8E7FC6F826B9CFD700726939 /* it */,
				8E855B6C291ADDB000B33D3C /* fr-FR */,
			);
			name = Main.storyboard;
			sourceTree = "<group>";
		};
		8E7FC67F26B5CDD800726939 /* Localizable.strings */ = {
			isa = PBXVariantGroup;
			children = (
				8E7FC67E26B5CDD800726939 /* en */,
				8E7FC68526B5CE0400726939 /* en-GB */,
				8E7FC6DB26B726A000726939 /* en-US */,
				8E7FC6DE26B726A900726939 /* en-AU */,
				8E7FC6E126B726C900726939 /* en-CA */,
				8E7FC6E426B7271400726939 /* en-NZ */,
				8E7FC6EA26B73A2A00726939 /* fr */,
				8E7FC6ED26B73A6100726939 /* fr-CA */,
				8E7FC6F726B9CEE000726939 /* es */,
				8E7FC6FA26B9CFD800726939 /* it */,
				8E855B6E291ADDB100B33D3C /* fr-FR */,
			);
			name = Localizable.strings;
			sourceTree = "<group>";
		};
		8EC4ABD31D17358D007359FF /* LaunchScreen.storyboard */ = {
			isa = PBXVariantGroup;
			children = (
				8EC4ABD41D17358D007359FF /* Base */,
				8E7FC68426B5CE0400726939 /* en-GB */,
				8E7FC6DA26B7269F00726939 /* en-US */,
				8E7FC6DD26B726A900726939 /* en-AU */,
				8E7FC6E026B726C900726939 /* en-CA */,
				8E7FC6E326B7271300726939 /* en-NZ */,
				8E7FC6E926B73A2A00726939 /* fr */,
				8E7FC6EC26B73A6000726939 /* fr-CA */,
				8E7FC6F626B9CEE000726939 /* es */,
				8E7FC6F926B9CFD800726939 /* it */,
				8E855B6D291ADDB000B33D3C /* fr-FR */,
			);
			name = LaunchScreen.storyboard;
			sourceTree = "<group>";
		};
/* End PBXVariantGroup section */

/* Begin XCBuildConfiguration section */
		8EC4ABED1D17358E007359FF /* Debug */ = {
			isa = XCBuildConfiguration;
			buildSettings = {
				ALWAYS_SEARCH_USER_PATHS = NO;
				CLANG_ANALYZER_LOCALIZABILITY_NONLOCALIZED = YES;
				CLANG_ANALYZER_NONNULL = YES;
				CLANG_CXX_LANGUAGE_STANDARD = "gnu++0x";
				CLANG_CXX_LIBRARY = "libc++";
				CLANG_ENABLE_MODULES = YES;
				CLANG_ENABLE_OBJC_ARC = YES;
				CLANG_WARN_BLOCK_CAPTURE_AUTORELEASING = YES;
				CLANG_WARN_BOOL_CONVERSION = YES;
				CLANG_WARN_COMMA = YES;
				CLANG_WARN_CONSTANT_CONVERSION = YES;
				CLANG_WARN_DEPRECATED_OBJC_IMPLEMENTATIONS = YES;
				CLANG_WARN_DIRECT_OBJC_ISA_USAGE = YES_ERROR;
				CLANG_WARN_EMPTY_BODY = YES;
				CLANG_WARN_ENUM_CONVERSION = YES;
				CLANG_WARN_INFINITE_RECURSION = YES;
				CLANG_WARN_INT_CONVERSION = YES;
				CLANG_WARN_NON_LITERAL_NULL_CONVERSION = YES;
				CLANG_WARN_OBJC_IMPLICIT_RETAIN_SELF = YES;
				CLANG_WARN_OBJC_LITERAL_CONVERSION = YES;
				CLANG_WARN_OBJC_ROOT_CLASS = YES_ERROR;
				CLANG_WARN_QUOTED_INCLUDE_IN_FRAMEWORK_HEADER = YES;
				CLANG_WARN_RANGE_LOOP_ANALYSIS = YES;
				CLANG_WARN_STRICT_PROTOTYPES = YES;
				CLANG_WARN_SUSPICIOUS_MOVE = YES;
				CLANG_WARN_UNREACHABLE_CODE = YES;
				CLANG_WARN__DUPLICATE_METHOD_MATCH = YES;
				"CODE_SIGN_IDENTITY[sdk=iphoneos*]" = "iPhone Developer";
				COPY_PHASE_STRIP = NO;
				DEBUG_INFORMATION_FORMAT = dwarf;
				ENABLE_STRICT_OBJC_MSGSEND = YES;
				ENABLE_TESTABILITY = YES;
				GCC_C_LANGUAGE_STANDARD = gnu99;
				GCC_DYNAMIC_NO_PIC = NO;
				GCC_NO_COMMON_BLOCKS = YES;
				GCC_OPTIMIZATION_LEVEL = 0;
				GCC_PREPROCESSOR_DEFINITIONS = (
					"DEBUG=1",
					"$(inherited)",
				);
				GCC_WARN_64_TO_32_BIT_CONVERSION = YES;
				GCC_WARN_ABOUT_RETURN_TYPE = YES_ERROR;
				GCC_WARN_UNDECLARED_SELECTOR = YES;
				GCC_WARN_UNINITIALIZED_AUTOS = YES_AGGRESSIVE;
				GCC_WARN_UNUSED_FUNCTION = YES;
				GCC_WARN_UNUSED_VARIABLE = YES;
				IPHONEOS_DEPLOYMENT_TARGET = 14.0;
				MTL_ENABLE_DEBUG_INFO = YES;
				ONLY_ACTIVE_ARCH = YES;
				SDKROOT = iphoneos;
				SWIFT_OPTIMIZATION_LEVEL = "-Onone";
				TARGETED_DEVICE_FAMILY = "1,2";
			};
			name = Debug;
		};
		8EC4ABEE1D17358E007359FF /* Release */ = {
			isa = XCBuildConfiguration;
			buildSettings = {
				ALWAYS_SEARCH_USER_PATHS = NO;
				CLANG_ANALYZER_LOCALIZABILITY_NONLOCALIZED = YES;
				CLANG_ANALYZER_NONNULL = YES;
				CLANG_CXX_LANGUAGE_STANDARD = "gnu++0x";
				CLANG_CXX_LIBRARY = "libc++";
				CLANG_ENABLE_MODULES = YES;
				CLANG_ENABLE_OBJC_ARC = YES;
				CLANG_WARN_BLOCK_CAPTURE_AUTORELEASING = YES;
				CLANG_WARN_BOOL_CONVERSION = YES;
				CLANG_WARN_COMMA = YES;
				CLANG_WARN_CONSTANT_CONVERSION = YES;
				CLANG_WARN_DEPRECATED_OBJC_IMPLEMENTATIONS = YES;
				CLANG_WARN_DIRECT_OBJC_ISA_USAGE = YES_ERROR;
				CLANG_WARN_EMPTY_BODY = YES;
				CLANG_WARN_ENUM_CONVERSION = YES;
				CLANG_WARN_INFINITE_RECURSION = YES;
				CLANG_WARN_INT_CONVERSION = YES;
				CLANG_WARN_NON_LITERAL_NULL_CONVERSION = YES;
				CLANG_WARN_OBJC_IMPLICIT_RETAIN_SELF = YES;
				CLANG_WARN_OBJC_LITERAL_CONVERSION = YES;
				CLANG_WARN_OBJC_ROOT_CLASS = YES_ERROR;
				CLANG_WARN_QUOTED_INCLUDE_IN_FRAMEWORK_HEADER = YES;
				CLANG_WARN_RANGE_LOOP_ANALYSIS = YES;
				CLANG_WARN_STRICT_PROTOTYPES = YES;
				CLANG_WARN_SUSPICIOUS_MOVE = YES;
				CLANG_WARN_UNREACHABLE_CODE = YES;
				CLANG_WARN__DUPLICATE_METHOD_MATCH = YES;
				"CODE_SIGN_IDENTITY[sdk=iphoneos*]" = "iPhone Developer";
				COPY_PHASE_STRIP = NO;
				DEBUG_INFORMATION_FORMAT = "dwarf-with-dsym";
				ENABLE_NS_ASSERTIONS = NO;
				ENABLE_STRICT_OBJC_MSGSEND = YES;
				GCC_C_LANGUAGE_STANDARD = gnu99;
				GCC_NO_COMMON_BLOCKS = YES;
				GCC_WARN_64_TO_32_BIT_CONVERSION = YES;
				GCC_WARN_ABOUT_RETURN_TYPE = YES_ERROR;
				GCC_WARN_UNDECLARED_SELECTOR = YES;
				GCC_WARN_UNINITIALIZED_AUTOS = YES_AGGRESSIVE;
				GCC_WARN_UNUSED_FUNCTION = YES;
				GCC_WARN_UNUSED_VARIABLE = YES;
				IPHONEOS_DEPLOYMENT_TARGET = 14.0;
				MTL_ENABLE_DEBUG_INFO = NO;
				SDKROOT = iphoneos;
				SWIFT_OPTIMIZATION_LEVEL = "-Owholemodule";
				TARGETED_DEVICE_FAMILY = "1,2";
				VALIDATE_PRODUCT = YES;
			};
			name = Release;
		};
		8EC4ABF01D17358E007359FF /* Debug */ = {
			isa = XCBuildConfiguration;
			baseConfigurationReference = D5AE6DCCF08D2114ABBDC00A /* Pods-Spanish Verbs Quiz.debug.xcconfig */;
			buildSettings = {
				ASSETCATALOG_COMPILER_APPICON_NAME = AppIcon;
				CODE_SIGN_IDENTITY = "iPhone Distribution";
				"CODE_SIGN_IDENTITY[sdk=iphoneos*]" = "iPhone Developer";
				DEVELOPMENT_TEAM = X6D769Z7F4;
				INFOPLIST_FILE = "Spanish Verbs Quiz/Info.plist";
				IPHONEOS_DEPLOYMENT_TARGET = 16.0;
				LD_RUNPATH_SEARCH_PATHS = "$(inherited) @executable_path/Frameworks";
				MARKETING_VERSION = 4.7;
				PRODUCT_BUNDLE_IDENTIFIER = "NM.Spanish-Verbs-Quiz";
				PRODUCT_NAME = "$(TARGET_NAME)";
				PROVISIONING_PROFILE = "";
				SWIFT_VERSION = 5.0;
				TARGETED_DEVICE_FAMILY = "1,2";
			};
			name = Debug;
		};
		8EC4ABF11D17358E007359FF /* Release */ = {
			isa = XCBuildConfiguration;
			baseConfigurationReference = 3A5780531A0EF47B852436EE /* Pods-Spanish Verbs Quiz.release.xcconfig */;
			buildSettings = {
				ASSETCATALOG_COMPILER_APPICON_NAME = AppIcon;
				CODE_SIGN_IDENTITY = "iPhone Distribution";
				"CODE_SIGN_IDENTITY[sdk=iphoneos*]" = "iPhone Developer";
				DEVELOPMENT_TEAM = X6D769Z7F4;
				INFOPLIST_FILE = "Spanish Verbs Quiz/Info.plist";
				IPHONEOS_DEPLOYMENT_TARGET = 16.0;
				LD_RUNPATH_SEARCH_PATHS = "$(inherited) @executable_path/Frameworks";
				MARKETING_VERSION = 4.7;
				PRODUCT_BUNDLE_IDENTIFIER = "NM.Spanish-Verbs-Quiz";
				PRODUCT_NAME = "$(TARGET_NAME)";
				PROVISIONING_PROFILE = "";
				SWIFT_VERSION = 5.0;
				TARGETED_DEVICE_FAMILY = "1,2";
			};
			name = Release;
		};
		8EC4ABF31D17358E007359FF /* Debug */ = {
			isa = XCBuildConfiguration;
			baseConfigurationReference = 12752ABFC045D9F0D7744342 /* Pods-Spanish Verbs QuizTests.debug.xcconfig */;
			buildSettings = {
				BUNDLE_LOADER = "$(TEST_HOST)";
				INFOPLIST_FILE = "Spanish Verbs QuizTests/Info.plist";
				LD_RUNPATH_SEARCH_PATHS = "$(inherited) @executable_path/Frameworks @loader_path/Frameworks";
				PRODUCT_BUNDLE_IDENTIFIER = "NM.Spanish-Verbs-QuizTests";
				PRODUCT_NAME = "$(TARGET_NAME)";
				SWIFT_VERSION = 5.0;
				TEST_HOST = "$(BUILT_PRODUCTS_DIR)/Spanish Verbs Quiz.app/Spanish Verbs Quiz";
			};
			name = Debug;
		};
		8EC4ABF41D17358E007359FF /* Release */ = {
			isa = XCBuildConfiguration;
			baseConfigurationReference = 00FE85581CF04903EF5278E6 /* Pods-Spanish Verbs QuizTests.release.xcconfig */;
			buildSettings = {
				BUNDLE_LOADER = "$(TEST_HOST)";
				INFOPLIST_FILE = "Spanish Verbs QuizTests/Info.plist";
				LD_RUNPATH_SEARCH_PATHS = "$(inherited) @executable_path/Frameworks @loader_path/Frameworks";
				PRODUCT_BUNDLE_IDENTIFIER = "NM.Spanish-Verbs-QuizTests";
				PRODUCT_NAME = "$(TARGET_NAME)";
				SWIFT_VERSION = 5.0;
				TEST_HOST = "$(BUILT_PRODUCTS_DIR)/Spanish Verbs Quiz.app/Spanish Verbs Quiz";
			};
			name = Release;
		};
		8EC4ABF61D17358E007359FF /* Debug */ = {
			isa = XCBuildConfiguration;
			baseConfigurationReference = 34969759B082D6F4E87162F9 /* Pods-Spanish Verbs QuizUITests.debug.xcconfig */;
			buildSettings = {
				INFOPLIST_FILE = "Spanish Verbs QuizUITests/Info.plist";
				LD_RUNPATH_SEARCH_PATHS = "$(inherited) @executable_path/Frameworks @loader_path/Frameworks";
				PRODUCT_BUNDLE_IDENTIFIER = "NM.Spanish-Verbs-QuizUITests";
				PRODUCT_NAME = "$(TARGET_NAME)";
				SWIFT_VERSION = 5.0;
				TEST_TARGET_NAME = "Spanish Verbs Quiz";
			};
			name = Debug;
		};
		8EC4ABF71D17358E007359FF /* Release */ = {
			isa = XCBuildConfiguration;
			baseConfigurationReference = 1F628163FED2F8CC74993275 /* Pods-Spanish Verbs QuizUITests.release.xcconfig */;
			buildSettings = {
				INFOPLIST_FILE = "Spanish Verbs QuizUITests/Info.plist";
				LD_RUNPATH_SEARCH_PATHS = "$(inherited) @executable_path/Frameworks @loader_path/Frameworks";
				PRODUCT_BUNDLE_IDENTIFIER = "NM.Spanish-Verbs-QuizUITests";
				PRODUCT_NAME = "$(TARGET_NAME)";
				SWIFT_VERSION = 5.0;
				TEST_TARGET_NAME = "Spanish Verbs Quiz";
			};
			name = Release;
		};
/* End XCBuildConfiguration section */

/* Begin XCConfigurationList section */
		8EC4ABC21D17358D007359FF /* Build configuration list for PBXProject "Spanish Verbs Quiz" */ = {
			isa = XCConfigurationList;
			buildConfigurations = (
				8EC4ABED1D17358E007359FF /* Debug */,
				8EC4ABEE1D17358E007359FF /* Release */,
			);
			defaultConfigurationIsVisible = 0;
			defaultConfigurationName = Release;
		};
		8EC4ABEF1D17358E007359FF /* Build configuration list for PBXNativeTarget "Spanish Verbs Quiz" */ = {
			isa = XCConfigurationList;
			buildConfigurations = (
				8EC4ABF01D17358E007359FF /* Debug */,
				8EC4ABF11D17358E007359FF /* Release */,
			);
			defaultConfigurationIsVisible = 0;
			defaultConfigurationName = Release;
		};
		8EC4ABF21D17358E007359FF /* Build configuration list for PBXNativeTarget "Spanish Verbs QuizTests" */ = {
			isa = XCConfigurationList;
			buildConfigurations = (
				8EC4ABF31D17358E007359FF /* Debug */,
				8EC4ABF41D17358E007359FF /* Release */,
			);
			defaultConfigurationIsVisible = 0;
			defaultConfigurationName = Release;
		};
		8EC4ABF51D17358E007359FF /* Build configuration list for PBXNativeTarget "Spanish Verbs QuizUITests" */ = {
			isa = XCConfigurationList;
			buildConfigurations = (
				8EC4ABF61D17358E007359FF /* Debug */,
				8EC4ABF71D17358E007359FF /* Release */,
			);
			defaultConfigurationIsVisible = 0;
			defaultConfigurationName = Release;
		};
/* End XCConfigurationList section */

/* Begin XCVersionGroup section */
		8E4569C41EC107140067E575 /* VerbesEspagnols.xcdatamodeld */ = {
			isa = XCVersionGroup;
			children = (
				8E4569C51EC107140067E575 /* VerbesEspagnols.xcdatamodel */,
			);
			currentVersion = 8E4569C51EC107140067E575 /* VerbesEspagnols.xcdatamodel */;
			path = VerbesEspagnols.xcdatamodeld;
			sourceTree = "<group>";
			versionGroupType = wrapper.xcdatamodel;
		};
/* End XCVersionGroup section */
	};
	rootObject = 8EC4ABBF1D17358D007359FF /* Project object */;
}
